
Microsoft Visual Studio Solution File, Format Version 12.00
# Visual Studio Version 16
VisualStudioVersion = 16.0.31424.327
MinimumVisualStudioVersion = 10.0.40219.1
Project("{FAE04EC0-301F-11D3-BF4B-00C04F79EFBC}") = "UniApp", "UniApp.csproj", "{B7FC6832-FD48-4110-9466-5420FB573E33}"
EndProject
Global
	GlobalSection(SolutionConfigurationPlatforms) = preSolution
		Debug|Any CPU = Debug|Any CPU
		Release|Any CPU = Release|Any CPU
	EndGlobalSection
	GlobalSection(ProjectConfigurationPlatforms) = postSolution
		{B7FC6832-FD48-4110-9466-5420FB573E33}.Debug|Any CPU.ActiveCfg = Debug|Any CPU
		{B7FC6832-FD48-4110-9466-5420FB573E33}.Debug|Any CPU.Build.0 = Debug|Any CPU
		{B7FC6832-FD48-4110-9466-5420FB573E33}.Release|Any CPU.ActiveCfg = Release|Any CPU
		{B7FC6832-FD48-4110-9466-5420FB573E33}.Release|Any CPU.Build.0 = Release|Any CPU
	EndGlobalSection
	GlobalSection(SolutionProperties) = preSolution
		HideSolutionNode = FALSE
	EndGlobalSection
	GlobalSection(ExtensibilityGlobals) = postSolution
		SolutionGuid = {E2DE96EE-D3D9-468B-ACF0-2789C62318C2}
	EndGlobalSection
EndGlobal
